PODS:
  - dir_picker (0.0.1):
    - Flutter
    - FlutterMacOS
  - Flutter (1.0.0)

DEPENDENCIES:
  - dir_picker (from `.symlinks/plugins/dir_picker/darwin`)
  - Flutter (from `Flutter`)

EXTERNAL SOURCES:
  dir_picker:
    :path: ".symlinks/plugins/dir_picker/darwin"
  Flutter:
    :path: Flutter

SPEC CHECKSUMS:
  dir_picker: 153a68e3a17dbf4d7a5012d7c3642704972cec9a
  Flutter: cabc95a1d2626b1b06e7179b784ebcf0c0cde467

PODFILE CHECKSUM: 3c63482e143d1b91d2d2560aee9fb04ecc74ac7e

COCOAPODS: 1.16.2
